
Microsoft Visual Studio Solution File, Format Version 12.00
# Visual Studio Version 16
VisualStudioVersion = 16.0.34902.97
MinimumVisualStudioVersion = 10.0.40219.1
Project("{D2ABAB84-BF74-430A-B69E-9DC6D40DDA17}") = "DataMiningOLAP", "DataMiningOLAP.dwproj", "{E5512417-9786-4072-A867-DDEABA6B830A}"
EndProject
Global
	GlobalSection(SolutionConfigurationPlatforms) = preSolution
		Development|Default = Development|Default
	EndGlobalSection
	GlobalSection(ProjectConfigurationPlatforms) = postSolution
		{E5512417-9786-4072-A867-DDEABA6B830A}.Development|Default.ActiveCfg = Development
		{E5512417-9786-4072-A867-DDEABA6B830A}.Development|Default.Build.0 = Development
		{E5512417-9786-4072-A867-DDEABA6B830A}.Development|Default.Deploy.0 = Development
	EndGlobalSection
	GlobalSection(SolutionProperties) = preSolution
		HideSolutionNode = FALSE
	EndGlobalSection
	GlobalSection(ExtensibilityGlobals) = postSolution
		SolutionGuid = {8FEF792E-62CF-420B-AD90-95B577CDD503}
	EndGlobalSection
EndGlobal
